
Microsoft Visual Studio Solution File, Format Version 12.00
# Visual Studio Version 17
VisualStudioVersion = 17.0.31903.59
MinimumVisualStudioVersion = 10.0.40219.1
Project("{FAE04EC0-301F-11D3-BF4B-00C04F79EFBC}") = "AuctionServiceAPI", "AuctionServiceAPI\AuctionServiceAPI.csproj", "{1918ED36-5E7B-4B71-92DA-C1AF968107EE}"
EndProject
Project("{FAE04EC0-301F-11D3-BF4B-00C04F79EFBC}") = "AuctionService.Tests", "AuctionService.Tests\AuctionService.Tests.csproj", "{17129E5C-A887-49B4-9031-798D452FFC1A}"
EndProject
Global
	GlobalSection(SolutionConfigurationPlatforms) = preSolution
		Debug|Any CPU = Debug|Any CPU
		Release|Any CPU = Release|Any CPU
	EndGlobalSection
	GlobalSection(SolutionProperties) = preSolution
		HideSolutionNode = FALSE
	EndGlobalSection
	GlobalSection(ProjectConfigurationPlatforms) = postSolution
		{1918ED36-5E7B-4B71-92DA-C1AF968107EE}.Debug|Any CPU.ActiveCfg = Debug|Any CPU
		{1918ED36-5E7B-4B71-92DA-C1AF968107EE}.Debug|Any CPU.Build.0 = Debug|Any CPU
		{1918ED36-5E7B-4B71-92DA-C1AF968107EE}.Release|Any CPU.ActiveCfg = Release|Any CPU
		{1918ED36-5E7B-4B71-92DA-C1AF968107EE}.Release|Any CPU.Build.0 = Release|Any CPU
		{17129E5C-A887-49B4-9031-798D452FFC1A}.Debug|Any CPU.ActiveCfg = Debug|Any CPU
		{17129E5C-A887-49B4-9031-798D452FFC1A}.Debug|Any CPU.Build.0 = Debug|Any CPU
		{17129E5C-A887-49B4-9031-798D452FFC1A}.Release|Any CPU.ActiveCfg = Release|Any CPU
		{17129E5C-A887-49B4-9031-798D452FFC1A}.Release|Any CPU.Build.0 = Release|Any CPU
	EndGlobalSection
EndGlobal
